{
  "nodes": {
    "nixpkgs": {
      "locked": {
        "lastModified": 1773628058,
        "narHash": "sha256-hpXH0z3K9xv0fHaje136KY872VT2T5uwxtezlAskQgY=",
        "owner": "NixOS",
        "repo": "nixpkgs",
        "rev": "f8573b9c935cfaa162dd62cc9e75ae2db86f85df",
        "type": "github"
      },
      "original": {
        "owner": "NixOS",
        "ref": "nixpkgs-unstable",
        "repo": "nixpkgs",
        "type": "github"
      }
    },
    "root": {
      "inputs": {
        "nixpkgs": "nixpkgs",
        "rust-overlay": "rust-overlay",
        "zerobrew-src": "zerobrew-src"
      }
    },
    "rust-overlay": {
      "inputs": {
        "nixpkgs": [
          "nixpkgs"
        ]
      },
      "locked": {
        "lastModified": 1774062094,
        "narHash": "sha256-ba3c+hS7KzEiwtZRGHagIAYdcmdY3rCSWVCyn64rx7s=",
        "owner": "oxalica",
        "repo": "rust-overlay",
        "rev": "c807e83cc2e32adc35f51138b3bdef722c0812ab",
        "type": "github"
      },
      "original": {
        "owner": "oxalica",
        "repo": "rust-overlay",
        "type": "github"
      }
    },
    "zerobrew-src": {
      "flake": false,
      "locked": {
        "lastModified": 1773515818,
        "narHash": "sha256-qBbH4rdpRKYxkX58ljcQMxvo4BFDdTJpvVfjrb/z3fI=",
        "owner": "lucasgelfond",
        "repo": "zerobrew",
        "rev": "9a7f5a8befd36962d5703a5a6df658ac46fc31e0",
        "type": "github"
      },
      "original": {
        "owner": "lucasgelfond",
        "ref": "v0.2.1",
        "repo": "zerobrew",
        "type": "github"
      }
    }
  },
  "root": "root",
  "version": 7
}
