{
  "nodes": {
    "nixpkgs": {
      "locked": {
        "lastModified": 1771482645,
        "narHash": "sha256-MpAKyXfJRDTgRU33Hja+G+3h9ywLAJJNRq4Pjbb4dQs=",
        "owner": "NixOS",
        "repo": "nixpkgs",
        "rev": "724cf38d99ba81fbb4a347081db93e2e3a9bc2ae",
        "type": "github"
      },
      "original": {
        "owner": "NixOS",
        "ref": "nixpkgs-unstable",
        "repo": "nixpkgs",
        "type": "github"
      }
    },
    "root": {
      "inputs": {
        "nixpkgs": "nixpkgs",
        "rust-overlay": "rust-overlay",
        "zerobrew-src": "zerobrew-src"
      }
    },
    "rust-overlay": {
      "inputs": {
        "nixpkgs": [
          "nixpkgs"
        ]
      },
      "locked": {
        "lastModified": 1780456895,
        "narHash": "sha256-CvRZn3Ut0scqLJ1xwQFkZwKGVBUUNBPrFVXRTMZpbfU=",
        "owner": "oxalica",
        "repo": "rust-overlay",
        "rev": "7cc96a6a3fd6613cafd633250a3934483479b9a1",
        "type": "github"
      },
      "original": {
        "owner": "oxalica",
        "repo": "rust-overlay",
        "type": "github"
      }
    },
    "zerobrew-src": {
      "flake": false,
      "locked": {
        "lastModified": 1791427016,
        "narHash": "sha256-W6LQSzPr/jbVOTUjs3CMw/aJyj9BS+SKTmX1UhlMQ/o=",
        "owner": "zerobrewhq",
        "repo": "zerobrew",
        "rev": "272078cd540225179a4a0a695c2506d659f26e73",
        "type": "github"
      },
      "original": {
        "owner": "zerobrewhq",
        "ref": "v0.4.0",
        "repo": "zerobrew",
        "type": "github"
      }
    }
  },
  "root": "root",
  "version": 7
}
