{
  "nodes": {
    "nixpkgs": {
      "locked": {
        "lastModified": 1769527094,
        "narHash": "sha256-xV20Alb7ZGN7qujnsi5lG1NckSUmpIb05H2Xar73TDc=",
        "owner": "NixOS",
        "repo": "nixpkgs",
        "rev": "afce96367b2e37fc29afb5543573cd49db3357b7",
        "type": "github"
      },
      "original": {
        "owner": "NixOS",
        "ref": "nixpkgs-unstable",
        "repo": "nixpkgs",
        "type": "github"
      }
    },
    "root": {
      "inputs": {
        "nixpkgs": "nixpkgs",
        "rust-overlay": "rust-overlay",
        "zerobrew-src": "zerobrew-src"
      }
    },
    "rust-overlay": {
      "inputs": {
        "nixpkgs": [
          "nixpkgs"
        ]
      },
      "locked": {
        "lastModified": 1771902481,
        "narHash": "sha256-svI5ivzggtu4KhCdoab3xR5+Btop24o7yLFtIPXrsPM=",
        "owner": "oxalica",
        "repo": "rust-overlay",
        "rev": "5177426d9f8f7f1827001c9749b9a9c5570d456b",
        "type": "github"
      },
      "original": {
        "owner": "oxalica",
        "repo": "rust-overlay",
        "type": "github"
      }
    },
    "zerobrew-src": {
      "flake": false,
      "locked": {
        "lastModified": 1771432451,
        "narHash": "sha256-OKqy4kvExReJLNNXtp2jUtIWizIetginU5dkHpGy3DU=",
        "owner": "lucasgelfond",
        "repo": "zerobrew",
        "rev": "6402e24a74944eaf8924028790897544d1af6ded",
        "type": "github"
      },
      "original": {
        "owner": "lucasgelfond",
        "repo": "zerobrew",
        "type": "github"
      }
    }
  },
  "root": "root",
  "version": 7
}
